
Microsoft Visual Studio Solution File, Format Version 12.00
# Visual Studio Version 17
VisualStudioVersion = 17.9.34728.123
MinimumVisualStudioVersion = 10.0.40219.1
Project("{9A19103F-16F7-4668-BE54-9A1E7A4F7556}") = "ListaDeTelefoneDinamica", "ListaDinamica\ListaDeTelefoneDinamica.csproj", "{BEC63561-82B9-4AAD-A98D-73934F0AE01B}"
EndProject
Global
	GlobalSection(SolutionConfigurationPlatforms) = preSolution
		Debug|Any CPU = Debug|Any CPU
		Release|Any CPU = Release|Any CPU
	EndGlobalSection
	GlobalSection(ProjectConfigurationPlatforms) = postSolution
		{BEC63561-82B9-4AAD-A98D-73934F0AE01B}.Debug|Any CPU.ActiveCfg = Debug|Any CPU
		{BEC63561-82B9-4AAD-A98D-73934F0AE01B}.Debug|Any CPU.Build.0 = Debug|Any CPU
		{BEC63561-82B9-4AAD-A98D-73934F0AE01B}.Release|Any CPU.ActiveCfg = Release|Any CPU
		{BEC63561-82B9-4AAD-A98D-73934F0AE01B}.Release|Any CPU.Build.0 = Release|Any CPU
	EndGlobalSection
	GlobalSection(SolutionProperties) = preSolution
		HideSolutionNode = FALSE
	EndGlobalSection
	GlobalSection(ExtensibilityGlobals) = postSolution
		SolutionGuid = {E8C78E0D-CF82-4FEC-A6F6-F6C97F278225}
	EndGlobalSection
EndGlobal
